
Microsoft Visual Studio Solution File, Format Version 12.00
# Visual Studio Version 17
VisualStudioVersion = 17.12.35323.107
MinimumVisualStudioVersion = 10.0.40219.1
Project("{FAE04EC0-301F-11D3-BF4B-00C04F79EFBC}") = "LocalStorageManager", "LocalStorageManager\LocalStorageManager.csproj", "{37300581-53CA-4C94-A762-E1FCBC4F1333}"
EndProject
Global
	GlobalSection(SolutionConfigurationPlatforms) = preSolution
		Debug|Any CPU = Debug|Any CPU
		Release|Any CPU = Release|Any CPU
	EndGlobalSection
	GlobalSection(ProjectConfigurationPlatforms) = postSolution
		{37300581-53CA-4C94-A762-E1FCBC4F1333}.Debug|Any CPU.ActiveCfg = Debug|Any CPU
		{37300581-53CA-4C94-A762-E1FCBC4F1333}.Debug|Any CPU.Build.0 = Debug|Any CPU
		{37300581-53CA-4C94-A762-E1FCBC4F1333}.Release|Any CPU.ActiveCfg = Release|Any CPU
		{37300581-53CA-4C94-A762-E1FCBC4F1333}.Release|Any CPU.Build.0 = Release|Any CPU
	EndGlobalSection
	GlobalSection(SolutionProperties) = preSolution
		HideSolutionNode = FALSE
	EndGlobalSection
	GlobalSection(ExtensibilityGlobals) = postSolution
		SolutionGuid = {B64F3EEE-81BE-4B15-B833-FB15C7C3C438}
	EndGlobalSection
EndGlobal
